
Microsoft Visual Studio Solution File, Format Version 12.00
# Visual Studio Version 17
VisualStudioVersion = 17.9.34728.123
MinimumVisualStudioVersion = 10.0.40219.1
Project("{9A19103F-16F7-4668-BE54-9A1E7A4F7556}") = "Company", "Company\Company.csproj", "{94A54171-AD53-4525-AB1D-D0C0C89A1AEC}"
EndProject
Global
	GlobalSection(SolutionConfigurationPlatforms) = preSolution
		Debug|Any CPU = Debug|Any CPU
		Release|Any CPU = Release|Any CPU
	EndGlobalSection
	GlobalSection(ProjectConfigurationPlatforms) = postSolution
		{94A54171-AD53-4525-AB1D-D0C0C89A1AEC}.Debug|Any CPU.ActiveCfg = Debug|Any CPU
		{94A54171-AD53-4525-AB1D-D0C0C89A1AEC}.Debug|Any CPU.Build.0 = Debug|Any CPU
		{94A54171-AD53-4525-AB1D-D0C0C89A1AEC}.Release|Any CPU.ActiveCfg = Release|Any CPU
		{94A54171-AD53-4525-AB1D-D0C0C89A1AEC}.Release|Any CPU.Build.0 = Release|Any CPU
	EndGlobalSection
	GlobalSection(SolutionProperties) = preSolution
		HideSolutionNode = FALSE
	EndGlobalSection
	GlobalSection(ExtensibilityGlobals) = postSolution
		SolutionGuid = {BCF6F4AE-F01B-48F5-A3E5-CD7170B55C0E}
	EndGlobalSection
EndGlobal
